{
  "nodes": {
    "dsh": {
      "flake": false,
      "locked": {
        "lastModified": 1786621126,
        "narHash": "sha256-ZPGCNoPXVjP76Tm/tFPDX2X95cd83M4iHLmVP5dR+Ps=",
        "owner": "deepseek-ai",
        "repo": "deepseek-harness",
        "rev": "47f943859bef60e4160492346772ded9b24f765a",
        "type": "github"
      },
      "original": {
        "owner": "deepseek-ai",
        "repo": "deepseek-harness",
        "rev": "47f943859bef60e4160492346772ded9b24f765a",
        "type": "github"
      }
    },
    "nixpkgs": {
      "locked": {
        "lastModified": 1786599213,
        "narHash": "sha256-yNJd40f11EzXBjSByCB7IPpeFFAdeoSKKM67dGkfFoU=",
        "owner": "NixOS",
        "repo": "nixpkgs",
        "rev": "0e251e24a4f24e036a084b6b4b2d2491af4167f4",
        "type": "github"
      },
      "original": {
        "owner": "NixOS",
        "ref": "nixos-unstable",
        "repo": "nixpkgs",
        "type": "github"
      }
    },
    "root": {
      "inputs": {
        "dsh": "dsh",
        "nixpkgs": "nixpkgs"
      }
    }
  },
  "root": "root",
  "version": 7
}
